
Microsoft Visual Studio Solution File, Format Version 12.00
# Visual Studio 2013
VisualStudioVersion = 12.0.31101.0
MinimumVisualStudioVersion = 10.0.40219.1
Project("{FAE04EC0-301F-11D3-BF4B-00C04F79EFBC}") = "EPII", "Core\EPII.csproj", "{97D038BD-9CE3-443D-B93D-492D2BD0381D}"
EndProject
Project("{FAE04EC0-301F-11D3-BF4B-00C04F79EFBC}") = "EPII.UI.WinForms", "UI\WinForms\EPII.UI.WinForms.csproj", "{B05215A5-2A92-4E49-8D21-D74E10E2EDCD}"
EndProject
Project("{FAE04EC0-301F-11D3-BF4B-00C04F79EFBC}") = "EPII.Test.WinForms", "Test\EPII.Test.WinForms\EPII.Test.WinForms.csproj", "{5218B00B-8916-4E7E-A500-2A78999D20C6}"
EndProject
Project("{FAE04EC0-301F-11D3-BF4B-00C04F79EFBC}") = "EPII.Test", "Test\EPII.Test\EPII.Test.csproj", "{B3DFD45F-31DB-4B5D-9CE5-ACB8AD5352BE}"
EndProject
Project("{2150E333-8FDC-42A3-9474-1A3956D46DE8}") = ".Test", ".Test", "{9C6CD282-BFA1-4369-9EBA-5CC6129015DF}"
EndProject
Project("{FAE04EC0-301F-11D3-BF4B-00C04F79EFBC}") = "EPII.UI.WPF", "UI\WPF\EPII.UI.WPF.csproj", "{8B2ECA0F-D5AF-400E-8861-706140BE95D4}"
EndProject
Project("{FAE04EC0-301F-11D3-BF4B-00C04F79EFBC}") = "EPII.Test.WPF", "Test\EPII.Test.WPF\EPII.Test.WPF.csproj", "{60BF0B41-C6E9-4B67-B534-D5AE96B52D2D}"
EndProject
Project("{FAE04EC0-301F-11D3-BF4B-00C04F79EFBC}") = "EPII.Test.Data", "Test\EPII.Test.Data\EPII.Test.Data.csproj", "{DB6F402B-2EA9-471D-B9E8-91EBF5A6AABC}"
EndProject
Global
	GlobalSection(SolutionConfigurationPlatforms) = preSolution
		Debug|Any CPU = Debug|Any CPU
		Release|Any CPU = Release|Any CPU
	EndGlobalSection
	GlobalSection(ProjectConfigurationPlatforms) = postSolution
		{97D038BD-9CE3-443D-B93D-492D2BD0381D}.Debug|Any CPU.ActiveCfg = Debug|Any CPU
		{97D038BD-9CE3-443D-B93D-492D2BD0381D}.Debug|Any CPU.Build.0 = Debug|Any CPU
		{97D038BD-9CE3-443D-B93D-492D2BD0381D}.Release|Any CPU.ActiveCfg = Release|Any CPU
		{97D038BD-9CE3-443D-B93D-492D2BD0381D}.Release|Any CPU.Build.0 = Release|Any CPU
		{B05215A5-2A92-4E49-8D21-D74E10E2EDCD}.Debug|Any CPU.ActiveCfg = Debug|Any CPU
		{B05215A5-2A92-4E49-8D21-D74E10E2EDCD}.Debug|Any CPU.Build.0 = Debug|Any CPU
		{B05215A5-2A92-4E49-8D21-D74E10E2EDCD}.Release|Any CPU.ActiveCfg = Release|Any CPU
		{B05215A5-2A92-4E49-8D21-D74E10E2EDCD}.Release|Any CPU.Build.0 = Release|Any CPU
		{5218B00B-8916-4E7E-A500-2A78999D20C6}.Debug|Any CPU.ActiveCfg = Debug|Any CPU
		{5218B00B-8916-4E7E-A500-2A78999D20C6}.Debug|Any CPU.Build.0 = Debug|Any CPU
		{5218B00B-8916-4E7E-A500-2A78999D20C6}.Release|Any CPU.ActiveCfg = Release|Any CPU
		{5218B00B-8916-4E7E-A500-2A78999D20C6}.Release|Any CPU.Build.0 = Release|Any CPU
		{B3DFD45F-31DB-4B5D-9CE5-ACB8AD5352BE}.Debug|Any CPU.ActiveCfg = Debug|Any CPU
		{B3DFD45F-31DB-4B5D-9CE5-ACB8AD5352BE}.Debug|Any CPU.Build.0 = Debug|Any CPU
		{B3DFD45F-31DB-4B5D-9CE5-ACB8AD5352BE}.Release|Any CPU.ActiveCfg = Release|Any CPU
		{B3DFD45F-31DB-4B5D-9CE5-ACB8AD5352BE}.Release|Any CPU.Build.0 = Release|Any CPU
		{8B2ECA0F-D5AF-400E-8861-706140BE95D4}.Debug|Any CPU.ActiveCfg = Debug|Any CPU
		{8B2ECA0F-D5AF-400E-8861-706140BE95D4}.Debug|Any CPU.Build.0 = Debug|Any CPU
		{8B2ECA0F-D5AF-400E-8861-706140BE95D4}.Release|Any CPU.ActiveCfg = Release|Any CPU
		{8B2ECA0F-D5AF-400E-8861-706140BE95D4}.Release|Any CPU.Build.0 = Release|Any CPU
		{60BF0B41-C6E9-4B67-B534-D5AE96B52D2D}.Debug|Any CPU.ActiveCfg = Debug|Any CPU
		{60BF0B41-C6E9-4B67-B534-D5AE96B52D2D}.Debug|Any CPU.Build.0 = Debug|Any CPU
		{60BF0B41-C6E9-4B67-B534-D5AE96B52D2D}.Release|Any CPU.ActiveCfg = Release|Any CPU
		{60BF0B41-C6E9-4B67-B534-D5AE96B52D2D}.Release|Any CPU.Build.0 = Release|Any CPU
		{DB6F402B-2EA9-471D-B9E8-91EBF5A6AABC}.Debug|Any CPU.ActiveCfg = Debug|Any CPU
		{DB6F402B-2EA9-471D-B9E8-91EBF5A6AABC}.Debug|Any CPU.Build.0 = Debug|Any CPU
		{DB6F402B-2EA9-471D-B9E8-91EBF5A6AABC}.Release|Any CPU.ActiveCfg = Release|Any CPU
		{DB6F402B-2EA9-471D-B9E8-91EBF5A6AABC}.Release|Any CPU.Build.0 = Release|Any CPU
	EndGlobalSection
	GlobalSection(SolutionProperties) = preSolution
		HideSolutionNode = FALSE
	EndGlobalSection
	GlobalSection(NestedProjects) = preSolution
		{5218B00B-8916-4E7E-A500-2A78999D20C6} = {9C6CD282-BFA1-4369-9EBA-5CC6129015DF}
		{B3DFD45F-31DB-4B5D-9CE5-ACB8AD5352BE} = {9C6CD282-BFA1-4369-9EBA-5CC6129015DF}
		{60BF0B41-C6E9-4B67-B534-D5AE96B52D2D} = {9C6CD282-BFA1-4369-9EBA-5CC6129015DF}
		{DB6F402B-2EA9-471D-B9E8-91EBF5A6AABC} = {9C6CD282-BFA1-4369-9EBA-5CC6129015DF}
	EndGlobalSection
EndGlobal
